
Microsoft Visual Studio Solution File, Format Version 12.00
# Visual Studio 15
VisualStudioVersion = 15.0.28307.852
MinimumVisualStudioVersion = 10.0.40219.1
Project("{FAE04EC0-301F-11D3-BF4B-00C04F79EFBC}") = "DmiConsulting.Eshop", "DmiConsulting.Eshop\DmiConsulting.Eshop.csproj", "{3DA313C9-4880-4A0A-9736-1823F350A449}"
EndProject
Project("{FAE04EC0-301F-11D3-BF4B-00C04F79EFBC}") = "DmiConsulting.Eshop.Core", "DmiConsulting.Eshop.Core\DmiConsulting.Eshop.Core.csproj", "{BFB75338-EE22-481A-9445-4C185113CE37}"
EndProject
Project("{FAE04EC0-301F-11D3-BF4B-00C04F79EFBC}") = "DmiConsulting.Eshop.Infrastructure", "DmiConsulting.Eshop.Infrastructure\DmiConsulting.Eshop.Infrastructure.csproj", "{CD327BBA-AF9D-491F-B975-2A52E579819C}"
EndProject
Global
	GlobalSection(SolutionConfigurationPlatforms) = preSolution
		Debug|Any CPU = Debug|Any CPU
		Release|Any CPU = Release|Any CPU
	EndGlobalSection
	GlobalSection(ProjectConfigurationPlatforms) = postSolution
		{3DA313C9-4880-4A0A-9736-1823F350A449}.Debug|Any CPU.ActiveCfg = Debug|Any CPU
		{3DA313C9-4880-4A0A-9736-1823F350A449}.Debug|Any CPU.Build.0 = Debug|Any CPU
		{3DA313C9-4880-4A0A-9736-1823F350A449}.Release|Any CPU.ActiveCfg = Release|Any CPU
		{3DA313C9-4880-4A0A-9736-1823F350A449}.Release|Any CPU.Build.0 = Release|Any CPU
		{BFB75338-EE22-481A-9445-4C185113CE37}.Debug|Any CPU.ActiveCfg = Debug|Any CPU
		{BFB75338-EE22-481A-9445-4C185113CE37}.Debug|Any CPU.Build.0 = Debug|Any CPU
		{BFB75338-EE22-481A-9445-4C185113CE37}.Release|Any CPU.ActiveCfg = Release|Any CPU
		{BFB75338-EE22-481A-9445-4C185113CE37}.Release|Any CPU.Build.0 = Release|Any CPU
		{CD327BBA-AF9D-491F-B975-2A52E579819C}.Debug|Any CPU.ActiveCfg = Debug|Any CPU
		{CD327BBA-AF9D-491F-B975-2A52E579819C}.Debug|Any CPU.Build.0 = Debug|Any CPU
		{CD327BBA-AF9D-491F-B975-2A52E579819C}.Release|Any CPU.ActiveCfg = Release|Any CPU
		{CD327BBA-AF9D-491F-B975-2A52E579819C}.Release|Any CPU.Build.0 = Release|Any CPU
	EndGlobalSection
	GlobalSection(SolutionProperties) = preSolution
		HideSolutionNode = FALSE
	EndGlobalSection
	GlobalSection(ExtensibilityGlobals) = postSolution
		SolutionGuid = {33422748-EF05-494D-A668-DED823A266DD}
	EndGlobalSection
EndGlobal
